// !$*UTF8*$!
{
	archiveVersion = 1;
	classes = {
	};
	objectVersion = 46;
	objects = {

/* Begin PBXBuildFile section */
		549D0602173B7995005C69DB /* UIKit.framework in Frameworks */ = {isa = PBXBuildFile; fileRef = 549D0601173B7995005C69DB /* UIKit.framework */; };
		549D0604173B7995005C69DB /* Foundation.framework in Frameworks */ = {isa = PBXBuildFile; fileRef = 549D0603173B7995005C69DB /* Foundation.framework */; };
		549D0606173B7995005C69DB /* CoreGraphics.framework in Frameworks */ = {isa = PBXBuildFile; fileRef = 549D0605173B7995005C69DB /* CoreGraphics.framework */; };
		549D060C173B7995005C69DB /* InfoPlist.strings in Resources */ = {isa = PBXBuildFile; fileRef = 549D060A173B7995005C69DB /* InfoPlist.strings */; };
		549D060E173B7995005C69DB /* main.m in Sources */ = {isa = PBXBuildFile; fileRef = 549D060D173B7995005C69DB /* main.m */; };
		549D0612173B7995005C69DB /* AppDelegate.m in Sources */ = {isa = PBXBuildFile; fileRef = 549D0611173B7995005C69DB /* AppDelegate.m */; };
		549D0614173B7995005C69DB /* Default.png in Resources */ = {isa = PBXBuildFile; fileRef = 549D0613173B7995005C69DB /* Default.png */; };
		549D0616173B7995005C69DB /* Default@2x.png in Resources */ = {isa = PBXBuildFile; fileRef = 549D0615173B7995005C69DB /* Default@2x.png */; };
		549D0618173B7995005C69DB /* Default-568h@2x.png in Resources */ = {isa = PBXBuildFile; fileRef = 549D0617173B7995005C69DB /* Default-568h@2x.png */; };
		549D061B173B7995005C69DB /* ViewController.m in Sources */ = {isa = PBXBuildFile; fileRef = 549D061A173B7995005C69DB /* ViewController.m */; };
		549D061E173B7995005C69DB /* ViewController.xib in Resources */ = {isa = PBXBuildFile; fileRef = 549D061C173B7995005C69DB /* ViewController.xib */; };
		549D0626173B79A3005C69DB /* NSListView.m in Sources */ = {isa = PBXBuildFile; fileRef = 549D0625173B79A3005C69DB /* NSListView.m */; };
		549D0629173B79B1005C69DB /* NSListCell.m in Sources */ = {isa = PBXBuildFile; fileRef = 549D0628173B79B1005C69DB /* NSListCell.m */; };
/* End PBXBuildFile section */

/* Begin PBXFileReference section */
		549D05FE173B7995005C69DB /* HoriTableDemo.app */ = {isa = PBXFileReference; explicitFileType = wrapper.application; includeInIndex = 0; path = HoriTableDemo.app; sourceTree = BUILT_PRODUCTS_DIR; };
		549D0601173B7995005C69DB /* UIKit.framework */ = {isa = PBXFileReference; lastKnownFileType = wrapper.framework; name = UIKit.framework; path = System/Library/Frameworks/UIKit.framework; sourceTree = SDKROOT; };
		549D0603173B7995005C69DB /* Foundation.framework */ = {isa = PBXFileReference; lastKnownFileType = wrapper.framework; name = Foundation.framework; path = System/Library/Frameworks/Foundation.framework; sourceTree = SDKROOT; };
		549D0605173B7995005C69DB /* CoreGraphics.framework */ = {isa = PBXFileReference; lastKnownFileType = wrapper.framework; name = CoreGraphics.framework; path = System/Library/Frameworks/CoreGraphics.framework; sourceTree = SDKROOT; };
		549D0609173B7995005C69DB /* HoriTableDemo-Info.plist */ = {isa = PBXFileReference; lastKnownFileType = text.plist.xml; path = "HoriTableDemo-Info.plist"; sourceTree = "<group>"; };
		549D060B173B7995005C69DB /* en */ = {isa = PBXFileReference; lastKnownFileType = text.plist.strings; name = en; path = en.lproj/InfoPlist.strings; sourceTree = "<group>"; };
		549D060D173B7995005C69DB /* main.m */ = {isa = PBXFileReference; lastKnownFileType = sourcecode.c.objc; path = main.m; sourceTree = "<group>"; };
		549D060F173B7995005C69DB /* HoriTableDemo-Prefix.pch */ = {isa = PBXFileReference; lastKnownFileType = sourcecode.c.h; path = "HoriTableDemo-Prefix.pch"; sourceTree = "<group>"; };
		549D0610173B7995005C69DB /* AppDelegate.h */ = {isa = PBXFileReference; lastKnownFileType = sourcecode.c.h; path = AppDelegate.h; sourceTree = "<group>"; };
		549D0611173B7995005C69DB /* AppDelegate.m */ = {isa = PBXFileReference; lastKnownFileType = sourcecode.c.objc; path = AppDelegate.m; sourceTree = "<group>"; };
		549D0613173B7995005C69DB /* Default.png */ = {isa = PBXFileReference; lastKnownFileType = image.png; path = Default.png; sourceTree = "<group>"; };
		549D0615173B7995005C69DB /* Default@2x.png */ = {isa = PBXFileReference; lastKnownFileType = image.png; path = "Default@2x.png"; sourceTree = "<group>"; };
		549D0617173B7995005C69DB /* Default-568h@2x.png */ = {isa = PBXFileReference; lastKnownFileType = image.png; path = "Default-568h@2x.png"; sourceTree = "<group>"; };
		549D0619173B7995005C69DB /* ViewController.h */ = {isa = PBXFileReference; lastKnownFileType = sourcecode.c.h; path = ViewController.h; sourceTree = "<group>"; };
		549D061A173B7995005C69DB /* ViewController.m */ = {isa = PBXFileReference; lastKnownFileType = sourcecode.c.objc; path = ViewController.m; sourceTree = "<group>"; };
		549D061D173B7995005C69DB /* en */ = {isa = PBXFileReference; lastKnownFileType = file.xib; name = en; path = en.lproj/ViewController.xib; sourceTree = "<group>"; };
		549D0624173B79A3005C69DB /* NSListView.h */ = {isa = PBXFileReference; fileEncoding = 4; lastKnownFileType = sourcecode.c.h; path = NSListView.h; sourceTree = "<group>"; };
		549D0625173B79A3005C69DB /* NSListView.m */ = {isa = PBXFileReference; fileEncoding = 4; lastKnownFileType = sourcecode.c.objc; path = NSListView.m; sourceTree = "<group>"; };
		549D0627173B79B1005C69DB /* NSListCell.h */ = {isa = PBXFileReference; fileEncoding = 4; lastKnownFileType = sourcecode.c.h; path = NSListCell.h; sourceTree = "<group>"; };
		549D0628173B79B1005C69DB /* NSListCell.m */ = {isa = PBXFileReference; fileEncoding = 4; lastKnownFileType = sourcecode.c.objc; path = NSListCell.m; sourceTree = "<group>"; };
/* End PBXFileReference section */

/* Begin PBXFrameworksBuildPhase section */
		549D05FB173B7995005C69DB /* Frameworks */ = {
			isa = PBXFrameworksBuildPhase;
			buildActionMask = 2147483647;
			files = (
				549D0602173B7995005C69DB /* UIKit.framework in Frameworks */,
				549D0604173B7995005C69DB /* Foundation.framework in Frameworks */,
				549D0606173B7995005C69DB /* CoreGraphics.framework in Frameworks */,
			);
			runOnlyForDeploymentPostprocessing = 0;
		};
/* End PBXFrameworksBuildPhase section */

/* Begin PBXGroup section */
		549D05F5173B7995005C69DB = {
			isa = PBXGroup;
			children = (
				549D0607173B7995005C69DB /* HoriTableDemo */,
				549D0600173B7995005C69DB /* Frameworks */,
				549D05FF173B7995005C69DB /* Products */,
			);
			sourceTree = "<group>";
		};
		549D05FF173B7995005C69DB /* Products */ = {
			isa = PBXGroup;
			children = (
				549D05FE173B7995005C69DB /* HoriTableDemo.app */,
			);
			name = Products;
			sourceTree = "<group>";
		};
		549D0600173B7995005C69DB /* Frameworks */ = {
			isa = PBXGroup;
			children = (
				549D0601173B7995005C69DB /* UIKit.framework */,
				549D0603173B7995005C69DB /* Foundation.framework */,
				549D0605173B7995005C69DB /* CoreGraphics.framework */,
			);
			name = Frameworks;
			sourceTree = "<group>";
		};
		549D0607173B7995005C69DB /* HoriTableDemo */ = {
			isa = PBXGroup;
			children = (
				549D0610173B7995005C69DB /* AppDelegate.h */,
				549D0611173B7995005C69DB /* AppDelegate.m */,
				549D0619173B7995005C69DB /* ViewController.h */,
				549D061A173B7995005C69DB /* ViewController.m */,
				549D061C173B7995005C69DB /* ViewController.xib */,
				549D0624173B79A3005C69DB /* NSListView.h */,
				549D0625173B79A3005C69DB /* NSListView.m */,
				549D0627173B79B1005C69DB /* NSListCell.h */,
				549D0628173B79B1005C69DB /* NSListCell.m */,
				549D0608173B7995005C69DB /* Supporting Files */,
			);
			path = HoriTableDemo;
			sourceTree = "<group>";
		};
		549D0608173B7995005C69DB /* Supporting Files */ = {
			isa = PBXGroup;
			children = (
				549D0609173B7995005C69DB /* HoriTableDemo-Info.plist */,
				549D060A173B7995005C69DB /* InfoPlist.strings */,
				549D060D173B7995005C69DB /* main.m */,
				549D060F173B7995005C69DB /* HoriTableDemo-Prefix.pch */,
				549D0613173B7995005C69DB /* Default.png */,
				549D0615173B7995005C69DB /* Default@2x.png */,
				549D0617173B7995005C69DB /* Default-568h@2x.png */,
			);
			name = "Supporting Files";
			sourceTree = "<group>";
		};
/* End PBXGroup section */

/* Begin PBXNativeTarget section */
		549D05FD173B7995005C69DB /* HoriTableDemo */ = {
			isa = PBXNativeTarget;
			buildConfigurationList = 549D0621173B7995005C69DB /* Build configuration list for PBXNativeTarget "HoriTableDemo" */;
			buildPhases = (
				549D05FA173B7995005C69DB /* Sources */,
				549D05FB173B7995005C69DB /* Frameworks */,
				549D05FC173B7995005C69DB /* Resources */,
			);
			buildRules = (
			);
			dependencies = (
			);
			name = HoriTableDemo;
			productName = HoriTableDemo;
			productReference = 549D05FE173B7995005C69DB /* HoriTableDemo.app */;
			productType = "com.apple.product-type.application";
		};
/* End PBXNativeTarget section */

/* Begin PBXProject section */
		549D05F6173B7995005C69DB /* Project object */ = {
			isa = PBXProject;
			attributes = {
				LastUpgradeCheck = 0460;
				ORGANIZATIONNAME = bitcar;
			};
			buildConfigurationList = 549D05F9173B7995005C69DB /* Build configuration list for PBXProject "HoriTableDemo" */;
			compatibilityVersion = "Xcode 3.2";
			developmentRegion = English;
			hasScannedForEncodings = 0;
			knownRegions = (
				en,
			);
			mainGroup = 549D05F5173B7995005C69DB;
			productRefGroup = 549D05FF173B7995005C69DB /* Products */;
			projectDirPath = "";
			projectRoot = "";
			targets = (
				549D05FD173B7995005C69DB /* HoriTableDemo */,
			);
		};
/* End PBXProject section */

/* Begin PBXResourcesBuildPhase section */
		549D05FC173B7995005C69DB /* Resources */ = {
			isa = PBXResourcesBuildPhase;
			buildActionMask = 2147483647;
			files = (
				549D060C173B7995005C69DB /* InfoPlist.strings in Resources */,
				549D0614173B7995005C69DB /* Default.png in Resources */,
				549D0616173B7995005C69DB /* Default@2x.png in Resources */,
				549D0618173B7995005C69DB /* Default-568h@2x.png in Resources */,
				549D061E173B7995005C69DB /* ViewController.xib in Resources */,
			);
			runOnlyForDeploymentPostprocessing = 0;
		};
/* End PBXResourcesBuildPhase section */

/* Begin PBXSourcesBuildPhase section */
		549D05FA173B7995005C69DB /* Sources */ = {
			isa = PBXSourcesBuildPhase;
			buildActionMask = 2147483647;
			files = (
				549D060E173B7995005C69DB /* main.m in Sources */,
				549D0612173B7995005C69DB /* AppDelegate.m in Sources */,
				549D061B173B7995005C69DB /* ViewController.m in Sources */,
				549D0626173B79A3005C69DB /* NSListView.m in Sources */,
				549D0629173B79B1005C69DB /* NSListCell.m in Sources */,
			);
			runOnlyForDeploymentPostprocessing = 0;
		};
/* End PBXSourcesBuildPhase section */

/* Begin PBXVariantGroup section */
		549D060A173B7995005C69DB /* InfoPlist.strings */ = {
			isa = PBXVariantGroup;
			children = (
				549D060B173B7995005C69DB /* en */,
			);
			name = InfoPlist.strings;
			sourceTree = "<group>";
		};
		549D061C173B7995005C69DB /* ViewController.xib */ = {
			isa = PBXVariantGroup;
			children = (
				549D061D173B7995005C69DB /* en */,
			);
			name = ViewController.xib;
			sourceTree = "<group>";
		};
/* End PBXVariantGroup section */

/* Begin XCBuildConfiguration section */
		549D061F173B7995005C69DB /* Debug */ = {
			isa = XCBuildConfiguration;
			buildSettings = {
				ALWAYS_SEARCH_USER_PATHS = NO;
				CLANG_CXX_LANGUAGE_STANDARD = "gnu++0x";
				CLANG_CXX_LIBRARY = "libc++";
				CLANG_WARN_CONSTANT_CONVERSION = YES;
				CLANG_WARN_EMPTY_BODY = YES;
				CLANG_WARN_ENUM_CONVERSION = YES;
				CLANG_WARN_INT_CONVERSION = YES;
				CLANG_WARN__DUPLICATE_METHOD_MATCH = YES;
				"CODE_SIGN_IDENTITY[sdk=iphoneos*]" = "iPhone Developer";
				COPY_PHASE_STRIP = NO;
				GCC_C_LANGUAGE_STANDARD = gnu99;
				GCC_DYNAMIC_NO_PIC = NO;
				GCC_OPTIMIZATION_LEVEL = 0;
				GCC_PREPROCESSOR_DEFINITIONS = (
					"DEBUG=1",
					"$(inherited)",
				);
				GCC_SYMBOLS_PRIVATE_EXTERN = NO;
				GCC_WARN_ABOUT_RETURN_TYPE = YES;
				GCC_WARN_UNINITIALIZED_AUTOS = YES;
				GCC_WARN_UNUSED_VARIABLE = YES;
				IPHONEOS_DEPLOYMENT_TARGET = 6.1;
				ONLY_ACTIVE_ARCH = YES;
				SDKROOT = iphoneos;
			};
			name = Debug;
		};
		549D0620173B7995005C69DB /* Release */ = {
			isa = XCBuildConfiguration;
			buildSettings = {
				ALWAYS_SEARCH_USER_PATHS = NO;
				CLANG_CXX_LANGUAGE_STANDARD = "gnu++0x";
				CLANG_CXX_LIBRARY = "libc++";
				CLANG_WARN_CONSTANT_CONVERSION = YES;
				CLANG_WARN_EMPTY_BODY = YES;
				CLANG_WARN_ENUM_CONVERSION = YES;
				CLANG_WARN_INT_CONVERSION = YES;
				CLANG_WARN__DUPLICATE_METHOD_MATCH = YES;
				"CODE_SIGN_IDENTITY[sdk=iphoneos*]" = "iPhone Developer";
				COPY_PHASE_STRIP = YES;
				GCC_C_LANGUAGE_STANDARD = gnu99;
				GCC_WARN_ABOUT_RETURN_TYPE = YES;
				GCC_WARN_UNINITIALIZED_AUTOS = YES;
				GCC_WARN_UNUSED_VARIABLE = YES;
				IPHONEOS_DEPLOYMENT_TARGET = 6.1;
				OTHER_CFLAGS = "-DNS_BLOCK_ASSERTIONS=1";
				SDKROOT = iphoneos;
				VALIDATE_PRODUCT = YES;
			};
			name = Release;
		};
		549D0622173B7995005C69DB /* Debug */ = {
			isa = XCBuildConfiguration;
			buildSettings = {
				GCC_PRECOMPILE_PREFIX_HEADER = YES;
				GCC_PREFIX_HEADER = "HoriTableDemo/HoriTableDemo-Prefix.pch";
				INFOPLIST_FILE = "HoriTableDemo/HoriTableDemo-Info.plist";
				PRODUCT_NAME = "$(TARGET_NAME)";
				WRAPPER_EXTENSION = app;
			};
			name = Debug;
		};
		549D0623173B7995005C69DB /* Release */ = {
			isa = XCBuildConfiguration;
			buildSettings = {
				GCC_PRECOMPILE_PREFIX_HEADER = YES;
				GCC_PREFIX_HEADER = "HoriTableDemo/HoriTableDemo-Prefix.pch";
				INFOPLIST_FILE = "HoriTableDemo/HoriTableDemo-Info.plist";
				PRODUCT_NAME = "$(TARGET_NAME)";
				WRAPPER_EXTENSION = app;
			};
			name = Release;
		};
/* End XCBuildConfiguration section */

/* Begin XCConfigurationList section */
		549D05F9173B7995005C69DB /* Build configuration list for PBXProject "HoriTableDemo" */ = {
			isa = XCConfigurationList;
			buildConfigurations = (
				549D061F173B7995005C69DB /* Debug */,
				549D0620173B7995005C69DB /* Release */,
			);
			defaultConfigurationIsVisible = 0;
			defaultConfigurationName = Release;
		};
		549D0621173B7995005C69DB /* Build configuration list for PBXNativeTarget "HoriTableDemo" */ = {
			isa = XCConfigurationList;
			buildConfigurations = (
				549D0622173B7995005C69DB /* Debug */,
				549D0623173B7995005C69DB /* Release */,
			);
			defaultConfigurationIsVisible = 0;
		};
/* End XCConfigurationList section */
	};
	rootObject = 549D05F6173B7995005C69DB /* Project object */;
}
